
Microsoft Visual Studio Solution File, Format Version 12.00
# Visual Studio Version 16
VisualStudioVersion = 16.0.29609.76
MinimumVisualStudioVersion = 10.0.40219.1
Project("{FAE04EC0-301F-11D3-BF4B-00C04F79EFBC}") = "ForLoopyLoops", "ForLoopyLoops\ForLoopyLoops.csproj", "{1607E33C-8877-4986-8116-9F7F5D7FBA76}"
EndProject
Global
	GlobalSection(SolutionConfigurationPlatforms) = preSolution
		Debug|Any CPU = Debug|Any CPU
		Release|Any CPU = Release|Any CPU
	EndGlobalSection
	GlobalSection(ProjectConfigurationPlatforms) = postSolution
		{1607E33C-8877-4986-8116-9F7F5D7FBA76}.Debug|Any CPU.ActiveCfg = Debug|Any CPU
		{1607E33C-8877-4986-8116-9F7F5D7FBA76}.Debug|Any CPU.Build.0 = Debug|Any CPU
		{1607E33C-8877-4986-8116-9F7F5D7FBA76}.Release|Any CPU.ActiveCfg = Release|Any CPU
		{1607E33C-8877-4986-8116-9F7F5D7FBA76}.Release|Any CPU.Build.0 = Release|Any CPU
	EndGlobalSection
	GlobalSection(SolutionProperties) = preSolution
		HideSolutionNode = FALSE
	EndGlobalSection
	GlobalSection(ExtensibilityGlobals) = postSolution
		SolutionGuid = {D26820CA-75FE-46FE-BDEB-20215929DBEB}
	EndGlobalSection
EndGlobal
